// !$*UTF8*$!
{
	archiveVersion = 1;
	classes = {
	};
	objectVersion = 50;
	objects = {

/* Begin PBXBuildFile section */
		07A5494821256F73008F587D /* AppDelegate.swift in Sources */ = {isa = PBXBuildFile; fileRef = 07A5494721256F73008F587D /* AppDelegate.swift */; };
		07A5494A21256F73008F587D /* ViewController.swift in Sources */ = {isa = PBXBuildFile; fileRef = 07A5494921256F73008F587D /* ViewController.swift */; };
		07A5494D21256F73008F587D /* Main.storyboard in Resources */ = {isa = PBXBuildFile; fileRef = 07A5494B21256F73008F587D /* Main.storyboard */; };
		07A5494F21256F74008F587D /* Assets.xcassets in Resources */ = {isa = PBXBuildFile; fileRef = 07A5494E21256F74008F587D /* Assets.xcassets */; };
		07A5495221256F74008F587D /* LaunchScreen.storyboard in Resources */ = {isa = PBXBuildFile; fileRef = 07A5495021256F74008F587D /* LaunchScreen.storyboard */; };
		07A5495D21256F75008F587D /* slowChatTests.swift in Sources */ = {isa = PBXBuildFile; fileRef = 07A5495C21256F75008F587D /* slowChatTests.swift */; };
		07A5496821256F75008F587D /* slowChatUITests.swift in Sources */ = {isa = PBXBuildFile; fileRef = 07A5496721256F75008F587D /* slowChatUITests.swift */; };
/* End PBXBuildFile section */

/* Begin PBXContainerItemProxy section */
		07A5495921256F75008F587D /* PBXContainerItemProxy */ = {
			isa = PBXContainerItemProxy;
			containerPortal = 07A5493C21256F73008F587D /* Project object */;
			proxyType = 1;
			remoteGlobalIDString = 07A5494321256F73008F587D;
			remoteInfo = slowChat;
		};
		07A5496421256F75008F587D /* PBXContainerItemProxy */ = {
			isa = PBXContainerItemProxy;
			containerPortal = 07A5493C21256F73008F587D /* Project object */;
			proxyType = 1;
			remoteGlobalIDString = 07A5494321256F73008F587D;
			remoteInfo = slowChat;
		};
/* End PBXContainerItemProxy section */

/* Begin PBXFileReference section */
		07A5494421256F73008F587D /* slowChat.app */ = {isa = PBXFileReference; explicitFileType = wrapper.application; includeInIndex = 0; path = slowChat.app; sourceTree = BUILT_PRODUCTS_DIR; };
		07A5494721256F73008F587D /* AppDelegate.swift */ = {isa = PBXFileReference; lastKnownFileType = sourcecode.swift; path = AppDelegate.swift; sourceTree = "<group>"; };
		07A5494921256F73008F587D /* ViewController.swift */ = {isa = PBXFileReference; lastKnownFileType = sourcecode.swift; path = ViewController.swift; sourceTree = "<group>"; };
		07A5494C21256F73008F587D /* Base */ = {isa = PBXFileReference; lastKnownFileType = file.storyboard; name = Base; path = Base.lproj/Main.storyboard; sourceTree = "<group>"; };
		07A5494E21256F74008F587D /* Assets.xcassets */ = {isa = PBXFileReference; lastKnownFileType = folder.assetcatalog; path = Assets.xcassets; sourceTree = "<group>"; };
		07A5495121256F74008F587D /* Base */ = {isa = PBXFileReference; lastKnownFileType = file.storyboard; name = Base; path = Base.lproj/LaunchScreen.storyboard; sourceTree = "<group>"; };
		07A5495321256F74008F587D /* Info.plist */ = {isa = PBXFileReference; lastKnownFileType = text.plist.xml; path = Info.plist; sourceTree = "<group>"; };
		07A5495821256F75008F587D /* slowChatTests.xctest */ = {isa = PBXFileReference; explicitFileType = wrapper.cfbundle; includeInIndex = 0; path = slowChatTests.xctest; sourceTree = BUILT_PRODUCTS_DIR; };
		07A5495C21256F75008F587D /* slowChatTests.swift */ = {isa = PBXFileReference; lastKnownFileType = sourcecode.swift; path = slowChatTests.swift; sourceTree = "<group>"; };
		07A5495E21256F75008F587D /* Info.plist */ = {isa = PBXFileReference; lastKnownFileType = text.plist.xml; path = Info.plist; sourceTree = "<group>"; };
		07A5496321256F75008F587D /* slowChatUITests.xctest */ = {isa = PBXFileReference; explicitFileType = wrapper.cfbundle; includeInIndex = 0; path = slowChatUITests.xctest; sourceTree = BUILT_PRODUCTS_DIR; };
		07A5496721256F75008F587D /* slowChatUITests.swift */ = {isa = PBXFileReference; lastKnownFileType = sourcecode.swift; path = slowChatUITests.swift; sourceTree = "<group>"; };
		07A5496921256F75008F587D /* Info.plist */ = {isa = PBXFileReference; lastKnownFileType = text.plist.xml; path = Info.plist; sourceTree = "<group>"; };
/* End PBXFileReference section */

/* Begin PBXFrameworksBuildPhase section */
		07A5494121256F73008F587D /* Frameworks */ = {
			isa = PBXFrameworksBuildPhase;
			buildActionMask = 2147483647;
			files = (
			);
			runOnlyForDeploymentPostprocessing = 0;
		};
		07A5495521256F75008F587D /* Frameworks */ = {
			isa = PBXFrameworksBuildPhase;
			buildActionMask = 2147483647;
			files = (
			);
			runOnlyForDeploymentPostprocessing = 0;
		};
		07A5496021256F75008F587D /* Frameworks */ = {
			isa = PBXFrameworksBuildPhase;
			buildActionMask = 2147483647;
			files = (
			);
			runOnlyForDeploymentPostprocessing = 0;
		};
/* End PBXFrameworksBuildPhase section */

/* Begin PBXGroup section */
		07A5493B21256F73008F587D = {
			isa = PBXGroup;
			children = (
				07A5494621256F73008F587D /* slowChat */,
				07A5495B21256F75008F587D /* slowChatTests */,
				07A5496621256F75008F587D /* slowChatUITests */,
				07A5494521256F73008F587D /* Products */,
			);
			sourceTree = "<group>";
		};
		07A5494521256F73008F587D /* Products */ = {
			isa = PBXGroup;
			children = (
				07A5494421256F73008F587D /* slowChat.app */,
				07A5495821256F75008F587D /* slowChatTests.xctest */,
				07A5496321256F75008F587D /* slowChatUITests.xctest */,
			);
			name = Products;
			sourceTree = "<group>";
		};
		07A5494621256F73008F587D /* slowChat */ = {
			isa = PBXGroup;
			children = (
				07A5494721256F73008F587D /* AppDelegate.swift */,
				07A5494921256F73008F587D /* ViewController.swift */,
				07A5494B21256F73008F587D /* Main.storyboard */,
				07A5494E21256F74008F587D /* Assets.xcassets */,
				07A5495021256F74008F587D /* LaunchScreen.storyboard */,
				07A5495321256F74008F587D /* Info.plist */,
			);
			path = slowChat;
			sourceTree = "<group>";
		};
		07A5495B21256F75008F587D /* slowChatTests */ = {
			isa = PBXGroup;
			children = (
				07A5495C21256F75008F587D /* slowChatTests.swift */,
				07A5495E21256F75008F587D /* Info.plist */,
			);
			path = slowChatTests;
			sourceTree = "<group>";
		};
		07A5496621256F75008F587D /* slowChatUITests */ = {
			isa = PBXGroup;
			children = (
				07A5496721256F75008F587D /* slowChatUITests.swift */,
				07A5496921256F75008F587D /* Info.plist */,
			);
			path = slowChatUITests;
			sourceTree = "<group>";
		};
/* End PBXGroup section */

/* Begin PBXNativeTarget section */
		07A5494321256F73008F587D /* slowChat */ = {
			isa = PBXNativeTarget;
			buildConfigurationList = 07A5496C21256F75008F587D /* Build configuration list for PBXNativeTarget "slowChat" */;
			buildPhases = (
				07A5494021256F73008F587D /* Sources */,
				07A5494121256F73008F587D /* Frameworks */,
				07A5494221256F73008F587D /* Resources */,
			);
			buildRules = (
			);
			dependencies = (
			);
			name = slowChat;
			productName = slowChat;
			productReference = 07A5494421256F73008F587D /* slowChat.app */;
			productType = "com.apple.product-type.application";
		};
		07A5495721256F75008F587D /* slowChatTests */ = {
			isa = PBXNativeTarget;
			buildConfigurationList = 07A5496F21256F75008F587D /* Build configuration list for PBXNativeTarget "slowChatTests" */;
			buildPhases = (
				07A5495421256F75008F587D /* Sources */,
				07A5495521256F75008F587D /* Frameworks */,
				07A5495621256F75008F587D /* Resources */,
			);
			buildRules = (
			);
			dependencies = (
				07A5495A21256F75008F587D /* PBXTargetDependency */,
			);
			name = slowChatTests;
			productName = slowChatTests;
			productReference = 07A5495821256F75008F587D /* slowChatTests.xctest */;
			productType = "com.apple.product-type.bundle.unit-test";
		};
		07A5496221256F75008F587D /* slowChatUITests */ = {
			isa = PBXNativeTarget;
			buildConfigurationList = 07A5497221256F75008F587D /* Build configuration list for PBXNativeTarget "slowChatUITests" */;
			buildPhases = (
				07A5495F21256F75008F587D /* Sources */,
				07A5496021256F75008F587D /* Frameworks */,
				07A5496121256F75008F587D /* Resources */,
			);
			buildRules = (
			);
			dependencies = (
				07A5496521256F75008F587D /* PBXTargetDependency */,
			);
			name = slowChatUITests;
			productName = slowChatUITests;
			productReference = 07A5496321256F75008F587D /* slowChatUITests.xctest */;
			productType = "com.apple.product-type.bundle.ui-testing";
		};
/* End PBXNativeTarget section */

/* Begin PBXProject section */
		07A5493C21256F73008F587D /* Project object */ = {
			isa = PBXProject;
			attributes = {
				LastSwiftUpdateCheck = 0940;
				LastUpgradeCheck = 0940;
				ORGANIZATIONNAME = hulanlan;
				TargetAttributes = {
					07A5494321256F73008F587D = {
						CreatedOnToolsVersion = 9.4.1;
					};
					07A5495721256F75008F587D = {
						CreatedOnToolsVersion = 9.4.1;
						TestTargetID = 07A5494321256F73008F587D;
					};
					07A5496221256F75008F587D = {
						CreatedOnToolsVersion = 9.4.1;
						TestTargetID = 07A5494321256F73008F587D;
					};
				};
			};
			buildConfigurationList = 07A5493F21256F73008F587D /* Build configuration list for PBXProject "slowChat" */;
			compatibilityVersion = "Xcode 9.3";
			developmentRegion = en;
			hasScannedForEncodings = 0;
			knownRegions = (
				en,
				Base,
			);
			mainGroup = 07A5493B21256F73008F587D;
			productRefGroup = 07A5494521256F73008F587D /* Products */;
			projectDirPath = "";
			projectRoot = "";
			targets = (
				07A5494321256F73008F587D /* slowChat */,
				07A5495721256F75008F587D /* slowChatTests */,
				07A5496221256F75008F587D /* slowChatUITests */,
			);
		};
/* End PBXProject section */

/* Begin PBXResourcesBuildPhase section */
		07A5494221256F73008F587D /* Resources */ = {
			isa = PBXResourcesBuildPhase;
			buildActionMask = 2147483647;
			files = (
				07A5495221256F74008F587D /* LaunchScreen.storyboard in Resources */,
				07A5494F21256F74008F587D /* Assets.xcassets in Resources */,
				07A5494D21256F73008F587D /* Main.storyboard in Resources */,
			);
			runOnlyForDeploymentPostprocessing = 0;
		};
		07A5495621256F75008F587D /* Resources */ = {
			isa = PBXResourcesBuildPhase;
			buildActionMask = 2147483647;
			files = (
			);
			runOnlyForDeploymentPostprocessing = 0;
		};
		07A5496121256F75008F587D /* Resources */ = {
			isa = PBXResourcesBuildPhase;
			buildActionMask = 2147483647;
			files = (
			);
			runOnlyForDeploymentPostprocessing = 0;
		};
/* End PBXResourcesBuildPhase section */

/* Begin PBXSourcesBuildPhase section */
		07A5494021256F73008F587D /* Sources */ = {
			isa = PBXSourcesBuildPhase;
			buildActionMask = 2147483647;
			files = (
				07A5494A21256F73008F587D /* ViewController.swift in Sources */,
				07A5494821256F73008F587D /* AppDelegate.swift in Sources */,
			);
			runOnlyForDeploymentPostprocessing = 0;
		};
		07A5495421256F75008F587D /* Sources */ = {
			isa = PBXSourcesBuildPhase;
			buildActionMask = 2147483647;
			files = (
				07A5495D21256F75008F587D /* slowChatTests.swift in Sources */,
			);
			runOnlyForDeploymentPostprocessing = 0;
		};
		07A5495F21256F75008F587D /* Sources */ = {
			isa = PBXSourcesBuildPhase;
			buildActionMask = 2147483647;
			files = (
				07A5496821256F75008F587D /* slowChatUITests.swift in Sources */,
			);
			runOnlyForDeploymentPostprocessing = 0;
		};
/* End PBXSourcesBuildPhase section */

/* Begin PBXTargetDependency section */
		07A5495A21256F75008F587D /* PBXTargetDependency */ = {
			isa = PBXTargetDependency;
			target = 07A5494321256F73008F587D /* slowChat */;
			targetProxy = 07A5495921256F75008F587D /* PBXContainerItemProxy */;
		};
		07A5496521256F75008F587D /* PBXTargetDependency */ = {
			isa = PBXTargetDependency;
			target = 07A5494321256F73008F587D /* slowChat */;
			targetProxy = 07A5496421256F75008F587D /* PBXContainerItemProxy */;
		};
/* End PBXTargetDependency section */

/* Begin PBXVariantGroup section */
		07A5494B21256F73008F587D /* Main.storyboard */ = {
			isa = PBXVariantGroup;
			children = (
				07A5494C21256F73008F587D /* Base */,
			);
			name = Main.storyboard;
			sourceTree = "<group>";
		};
		07A5495021256F74008F587D /* LaunchScreen.storyboard */ = {
			isa = PBXVariantGroup;
			children = (
				07A5495121256F74008F587D /* Base */,
			);
			name = LaunchScreen.storyboard;
			sourceTree = "<group>";
		};
/* End PBXVariantGroup section */

/* Begin XCBuildConfiguration section */
		07A5496A21256F75008F587D /* Debug */ = {
			isa = XCBuildConfiguration;
			buildSettings = {
				ALWAYS_SEARCH_USER_PATHS = NO;
				CLANG_ANALYZER_NONNULL = YES;
				CLANG_ANALYZER_NUMBER_OBJECT_CONVERSION = YES_AGGRESSIVE;
				CLANG_CXX_LANGUAGE_STANDARD = "gnu++14";
				CLANG_CXX_LIBRARY = "libc++";
				CLANG_ENABLE_MODULES = YES;
				CLANG_ENABLE_OBJC_ARC = YES;
				CLANG_ENABLE_OBJC_WEAK = YES;
				CLANG_WARN_BLOCK_CAPTURE_AUTORELEASING = YES;
				CLANG_WARN_BOOL_CONVERSION = YES;
				CLANG_WARN_COMMA = YES;
				CLANG_WARN_CONSTANT_CONVERSION = YES;
				CLANG_WARN_DEPRECATED_OBJC_IMPLEMENTATIONS = YES;
				CLANG_WARN_DIRECT_OBJC_ISA_USAGE = YES_ERROR;
				CLANG_WARN_DOCUMENTATION_COMMENTS = YES;
				CLANG_WARN_EMPTY_BODY = YES;
				CLANG_WARN_ENUM_CONVERSION = YES;
				CLANG_WARN_INFINITE_RECURSION = YES;
				CLANG_WARN_INT_CONVERSION = YES;
				CLANG_WARN_NON_LITERAL_NULL_CONVERSION = YES;
				CLANG_WARN_OBJC_IMPLICIT_RETAIN_SELF = YES;
				CLANG_WARN_OBJC_LITERAL_CONVERSION = YES;
				CLANG_WARN_OBJC_ROOT_CLASS = YES_ERROR;
				CLANG_WARN_RANGE_LOOP_ANALYSIS = YES;
				CLANG_WARN_STRICT_PROTOTYPES = YES;
				CLANG_WARN_SUSPICIOUS_MOVE = YES;
				CLANG_WARN_UNGUARDED_AVAILABILITY = YES_AGGRESSIVE;
				CLANG_WARN_UNREACHABLE_CODE = YES;
				CLANG_WARN__DUPLICATE_METHOD_MATCH = YES;
				CODE_SIGN_IDENTITY = "iPhone Developer";
				COPY_PHASE_STRIP = NO;
				DEBUG_INFORMATION_FORMAT = dwarf;
				ENABLE_STRICT_OBJC_MSGSEND = YES;
				ENABLE_TESTABILITY = YES;
				GCC_C_LANGUAGE_STANDARD = gnu11;
				GCC_DYNAMIC_NO_PIC = NO;
				GCC_NO_COMMON_BLOCKS = YES;
				GCC_OPTIMIZATION_LEVEL = 0;
				GCC_PREPROCESSOR_DEFINITIONS = (
					"DEBUG=1",
					"$(inherited)",
				);
				GCC_WARN_64_TO_32_BIT_CONVERSION = YES;
				GCC_WARN_ABOUT_RETURN_TYPE = YES_ERROR;
				GCC_WARN_UNDECLARED_SELECTOR = YES;
				GCC_WARN_UNINITIALIZED_AUTOS = YES_AGGRESSIVE;
				GCC_WARN_UNUSED_FUNCTION = YES;
				GCC_WARN_UNUSED_VARIABLE = YES;
				IPHONEOS_DEPLOYMENT_TARGET = 11.4;
				MTL_ENABLE_DEBUG_INFO = YES;
				ONLY_ACTIVE_ARCH = YES;
				SDKROOT = iphoneos;
				SWIFT_ACTIVE_COMPILATION_CONDITIONS = DEBUG;
				SWIFT_OPTIMIZATION_LEVEL = "-Onone";
			};
			name = Debug;
		};
		07A5496B21256F75008F587D /* Release */ = {
			isa = XCBuildConfiguration;
			buildSettings = {
				ALWAYS_SEARCH_USER_PATHS = NO;
				CLANG_ANALYZER_NONNULL = YES;
				CLANG_ANALYZER_NUMBER_OBJECT_CONVERSION = YES_AGGRESSIVE;
				CLANG_CXX_LANGUAGE_STANDARD = "gnu++14";
				CLANG_CXX_LIBRARY = "libc++";
				CLANG_ENABLE_MODULES = YES;
				CLANG_ENABLE_OBJC_ARC = YES;
				CLANG_ENABLE_OBJC_WEAK = YES;
				CLANG_WARN_BLOCK_CAPTURE_AUTORELEASING = YES;
				CLANG_WARN_BOOL_CONVERSION = YES;
				CLANG_WARN_COMMA = YES;
				CLANG_WARN_CONSTANT_CONVERSION = YES;
				CLANG_WARN_DEPRECATED_OBJC_IMPLEMENTATIONS = YES;
				CLANG_WARN_DIRECT_OBJC_ISA_USAGE = YES_ERROR;
				CLANG_WARN_DOCUMENTATION_COMMENTS = YES;
				CLANG_WARN_EMPTY_BODY = YES;
				CLANG_WARN_ENUM_CONVERSION = YES;
				CLANG_WARN_INFINITE_RECURSION = YES;
				CLANG_WARN_INT_CONVERSION = YES;
				CLANG_WARN_NON_LITERAL_NULL_CONVERSION = YES;
				CLANG_WARN_OBJC_IMPLICIT_RETAIN_SELF = YES;
				CLANG_WARN_OBJC_LITERAL_CONVERSION = YES;
				CLANG_WARN_OBJC_ROOT_CLASS = YES_ERROR;
				CLANG_WARN_RANGE_LOOP_ANALYSIS = YES;
				CLANG_WARN_STRICT_PROTOTYPES = YES;
				CLANG_WARN_SUSPICIOUS_MOVE = YES;
				CLANG_WARN_UNGUARDED_AVAILABILITY = YES_AGGRESSIVE;
				CLANG_WARN_UNREACHABLE_CODE = YES;
				CLANG_WARN__DUPLICATE_METHOD_MATCH = YES;
				CODE_SIGN_IDENTITY = "iPhone Developer";
				COPY_PHASE_STRIP = NO;
				DEBUG_INFORMATION_FORMAT = "dwarf-with-dsym";
				ENABLE_NS_ASSERTIONS = NO;
				ENABLE_STRICT_OBJC_MSGSEND = YES;
				GCC_C_LANGUAGE_STANDARD = gnu11;
				GCC_NO_COMMON_BLOCKS = YES;
				GCC_WARN_64_TO_32_BIT_CONVERSION = YES;
				GCC_WARN_ABOUT_RETURN_TYPE = YES_ERROR;
				GCC_WARN_UNDECLARED_SELECTOR = YES;
				GCC_WARN_UNINITIALIZED_AUTOS = YES_AGGRESSIVE;
				GCC_WARN_UNUSED_FUNCTION = YES;
				GCC_WARN_UNUSED_VARIABLE = YES;
				IPHONEOS_DEPLOYMENT_TARGET = 11.4;
				MTL_ENABLE_DEBUG_INFO = NO;
				SDKROOT = iphoneos;
				SWIFT_COMPILATION_MODE = wholemodule;
				SWIFT_OPTIMIZATION_LEVEL = "-O";
				VALIDATE_PRODUCT = YES;
			};
			name = Release;
		};
		07A5496D21256F75008F587D /* Debug */ = {
			isa = XCBuildConfiguration;
			buildSettings = {
				ASSETCATALOG_COMPILER_APPICON_NAME = AppIcon;
				CODE_SIGN_STYLE = Automatic;
				INFOPLIST_FILE = slowChat/Info.plist;
				LD_RUNPATH_SEARCH_PATHS = (
					"$(inherited)",
					"@executable_path/Frameworks",
				);
				PRODUCT_BUNDLE_IDENTIFIER = slowChat.slowChat;
				PRODUCT_NAME = "$(TARGET_NAME)";
				SWIFT_VERSION = 4.0;
				TARGETED_DEVICE_FAMILY = "1,2";
			};
			name = Debug;
		};
		07A5496E21256F75008F587D /* Release */ = {
			isa = XCBuildConfiguration;
			buildSettings = {
				ASSETCATALOG_COMPILER_APPICON_NAME = AppIcon;
				CODE_SIGN_STYLE = Automatic;
				INFOPLIST_FILE = slowChat/Info.plist;
				LD_RUNPATH_SEARCH_PATHS = (
					"$(inherited)",
					"@executable_path/Frameworks",
				);
				PRODUCT_BUNDLE_IDENTIFIER = slowChat.slowChat;
				PRODUCT_NAME = "$(TARGET_NAME)";
				SWIFT_VERSION = 4.0;
				TARGETED_DEVICE_FAMILY = "1,2";
			};
			name = Release;
		};
		07A5497021256F75008F587D /* Debug */ = {
			isa = XCBuildConfiguration;
			buildSettings = {
				ALWAYS_EMBED_SWIFT_STANDARD_LIBRARIES = YES;
				BUNDLE_LOADER = "$(TEST_HOST)";
				CODE_SIGN_STYLE = Automatic;
				INFOPLIST_FILE = slowChatTests/Info.plist;
				LD_RUNPATH_SEARCH_PATHS = (
					"$(inherited)",
					"@executable_path/Frameworks",
					"@loader_path/Frameworks",
				);
				PRODUCT_BUNDLE_IDENTIFIER = slowChat.slowChatTests;
				PRODUCT_NAME = "$(TARGET_NAME)";
				SWIFT_VERSION = 4.0;
				TARGETED_DEVICE_FAMILY = "1,2";
				TEST_HOST = "$(BUILT_PRODUCTS_DIR)/slowChat.app/slowChat";
			};
			name = Debug;
		};
		07A5497121256F75008F587D /* Release */ = {
			isa = XCBuildConfiguration;
			buildSettings = {
				ALWAYS_EMBED_SWIFT_STANDARD_LIBRARIES = YES;
				BUNDLE_LOADER = "$(TEST_HOST)";
				CODE_SIGN_STYLE = Automatic;
				INFOPLIST_FILE = slowChatTests/Info.plist;
				LD_RUNPATH_SEARCH_PATHS = (
					"$(inherited)",
					"@executable_path/Frameworks",
					"@loader_path/Frameworks",
				);
				PRODUCT_BUNDLE_IDENTIFIER = slowChat.slowChatTests;
				PRODUCT_NAME = "$(TARGET_NAME)";
				SWIFT_VERSION = 4.0;
				TARGETED_DEVICE_FAMILY = "1,2";
				TEST_HOST = "$(BUILT_PRODUCTS_DIR)/slowChat.app/slowChat";
			};
			name = Release;
		};
		07A5497321256F75008F587D /* Debug */ = {
			isa = XCBuildConfiguration;
			buildSettings = {
				ALWAYS_EMBED_SWIFT_STANDARD_LIBRARIES = YES;
				CODE_SIGN_STYLE = Automatic;
				INFOPLIST_FILE = slowChatUITests/Info.plist;
				LD_RUNPATH_SEARCH_PATHS = (
					"$(inherited)",
					"@executable_path/Frameworks",
					"@loader_path/Frameworks",
				);
				PRODUCT_BUNDLE_IDENTIFIER = slowChat.slowChatUITests;
				PRODUCT_NAME = "$(TARGET_NAME)";
				SWIFT_VERSION = 4.0;
				TARGETED_DEVICE_FAMILY = "1,2";
				TEST_TARGET_NAME = slowChat;
			};
			name = Debug;
		};
		07A5497421256F75008F587D /* Release */ = {
			isa = XCBuildConfiguration;
			buildSettings = {
				ALWAYS_EMBED_SWIFT_STANDARD_LIBRARIES = YES;
				CODE_SIGN_STYLE = Automatic;
				INFOPLIST_FILE = slowChatUITests/Info.plist;
				LD_RUNPATH_SEARCH_PATHS = (
					"$(inherited)",
					"@executable_path/Frameworks",
					"@loader_path/Frameworks",
				);
				PRODUCT_BUNDLE_IDENTIFIER = slowChat.slowChatUITests;
				PRODUCT_NAME = "$(TARGET_NAME)";
				SWIFT_VERSION = 4.0;
				TARGETED_DEVICE_FAMILY = "1,2";
				TEST_TARGET_NAME = slowChat;
			};
			name = Release;
		};
/* End XCBuildConfiguration section */

/* Begin XCConfigurationList section */
		07A5493F21256F73008F587D /* Build configuration list for PBXProject "slowChat" */ = {
			isa = XCConfigurationList;
			buildConfigurations = (
				07A5496A21256F75008F587D /* Debug */,
				07A5496B21256F75008F587D /* Release */,
			);
			defaultConfigurationIsVisible = 0;
			defaultConfigurationName = Release;
		};
		07A5496C21256F75008F587D /* Build configuration list for PBXNativeTarget "slowChat" */ = {
			isa = XCConfigurationList;
			buildConfigurations = (
				07A5496D21256F75008F587D /* Debug */,
				07A5496E21256F75008F587D /* Release */,
			);
			defaultConfigurationIsVisible = 0;
			defaultConfigurationName = Release;
		};
		07A5496F21256F75008F587D /* Build configuration list for PBXNativeTarget "slowChatTests" */ = {
			isa = XCConfigurationList;
			buildConfigurations = (
				07A5497021256F75008F587D /* Debug */,
				07A5497121256F75008F587D /* Release */,
			);
			defaultConfigurationIsVisible = 0;
			defaultConfigurationName = Release;
		};
		07A5497221256F75008F587D /* Build configuration list for PBXNativeTarget "slowChatUITests" */ = {
			isa = XCConfigurationList;
			buildConfigurations = (
				07A5497321256F75008F587D /* Debug */,
				07A5497421256F75008F587D /* Release */,
			);
			defaultConfigurationIsVisible = 0;
			defaultConfigurationName = Release;
		};
/* End XCConfigurationList section */
	};
	rootObject = 07A5493C21256F73008F587D /* Project object */;
}
